// !$*UTF8*$!
{
	archiveVersion = 1;
	classes = {
	};
	objectVersion = 56;
	objects = {

/* Begin PBXBuildFile section */
		C37333512C348E5D004EC179 /* WeatherDetailView.swift in Sources */ = {isa = PBXBuildFile; fileRef = C37333502C348E5D004EC179 /* WeatherDetailView.swift */; };
		C37333532C348F09004EC179 /* LoadingIndicator.swift in Sources */ = {isa = PBXBuildFile; fileRef = C37333522C348F09004EC179 /* LoadingIndicator.swift */; };
		C38333612C33EF6700684DCF /* WeatherService.swift in Sources */ = {isa = PBXBuildFile; fileRef = C38333602C33EF6700684DCF /* WeatherService.swift */; };
		C38333632C33F05E00684DCF /* Config.swift in Sources */ = {isa = PBXBuildFile; fileRef = C38333622C33F05E00684DCF /* Config.swift */; };
		C38333652C33F88600684DCF /* CitiesView.swift in Sources */ = {isa = PBXBuildFile; fileRef = C38333642C33F88600684DCF /* CitiesView.swift */; };
		C383336A2C34366500684DCF /* Styler.swift in Sources */ = {isa = PBXBuildFile; fileRef = C38333692C34366500684DCF /* Styler.swift */; };
		C383336D2C3436D900684DCF /* Color+Extensions.swift in Sources */ = {isa = PBXBuildFile; fileRef = C383336C2C3436D900684DCF /* Color+Extensions.swift */; };
		C383336F2C34420100684DCF /* SearchCitiesView.swift in Sources */ = {isa = PBXBuildFile; fileRef = C383336E2C34420100684DCF /* SearchCitiesView.swift */; };
		C38CDFDF2C33E6E500465558 /* WeatherAppApp.swift in Sources */ = {isa = PBXBuildFile; fileRef = C38CDFDE2C33E6E500465558 /* WeatherAppApp.swift */; };
		C38CDFE12C33E6E500465558 /* ContentView.swift in Sources */ = {isa = PBXBuildFile; fileRef = C38CDFE02C33E6E500465558 /* ContentView.swift */; };
		C38CDFE32C33E6E600465558 /* Assets.xcassets in Resources */ = {isa = PBXBuildFile; fileRef = C38CDFE22C33E6E600465558 /* Assets.xcassets */; };
		C38CDFE62C33E6E600465558 /* Preview Assets.xcassets in Resources */ = {isa = PBXBuildFile; fileRef = C38CDFE52C33E6E600465558 /* Preview Assets.xcassets */; };
		C38CDFE82C33E6E600465558 /* Persistence.swift in Sources */ = {isa = PBXBuildFile; fileRef = C38CDFE72C33E6E600465558 /* Persistence.swift */; };
		C38CDFEB2C33E6E600465558 /* WeatherApp.xcdatamodeld in Sources */ = {isa = PBXBuildFile; fileRef = C38CDFE92C33E6E600465558 /* WeatherApp.xcdatamodeld */; };
		C3915C462C3598DF00930112 /* View+Extensions.swift in Sources */ = {isa = PBXBuildFile; fileRef = C3915C452C3598DF00930112 /* View+Extensions.swift */; };
		C3915C492C359C7300930112 /* WeatherFormatter.swift in Sources */ = {isa = PBXBuildFile; fileRef = C3915C482C359C7300930112 /* WeatherFormatter.swift */; };
		C3915C4B2C359CD800930112 /* WeatherDetailViewModel.swift in Sources */ = {isa = PBXBuildFile; fileRef = C3915C4A2C359CD800930112 /* WeatherDetailViewModel.swift */; };
		C3915C4D2C359CFC00930112 /* AppViewModel.swift in Sources */ = {isa = PBXBuildFile; fileRef = C3915C4C2C359CFC00930112 /* AppViewModel.swift */; };
		C3915C4F2C359D1500930112 /* SearchCitiesViewModel.swift in Sources */ = {isa = PBXBuildFile; fileRef = C3915C4E2C359D1500930112 /* SearchCitiesViewModel.swift */; };
		C3915C512C359D3600930112 /* HistoricalInfoViewModel.swift in Sources */ = {isa = PBXBuildFile; fileRef = C3915C502C359D3600930112 /* HistoricalInfoViewModel.swift */; };
		C3915C532C359F6700930112 /* CitiesViewModel.swift in Sources */ = {isa = PBXBuildFile; fileRef = C3915C522C359F6700930112 /* CitiesViewModel.swift */; };
		C3A0EB2A2C35460D00DC5460 /* HistoricalInfoView.swift in Sources */ = {isa = PBXBuildFile; fileRef = C3A0EB292C35460D00DC5460 /* HistoricalInfoView.swift */; };
		C3BF92D12C347F6E001B3031 /* APIClient.swift in Sources */ = {isa = PBXBuildFile; fileRef = C3BF92D02C347F6E001B3031 /* APIClient.swift */; };
		C3D9B4A62C352814004F4458 /* BackButton.swift in Sources */ = {isa = PBXBuildFile; fileRef = C3D9B4A52C352813004F4458 /* BackButton.swift */; };
/* End PBXBuildFile section */

/* Begin PBXFileReference section */
		C37333502C348E5D004EC179 /* WeatherDetailView.swift */ = {isa = PBXFileReference; lastKnownFileType = sourcecode.swift; path = WeatherDetailView.swift; sourceTree = "<group>"; };
		C37333522C348F09004EC179 /* LoadingIndicator.swift */ = {isa = PBXFileReference; lastKnownFileType = sourcecode.swift; path = LoadingIndicator.swift; sourceTree = "<group>"; };
		C38333602C33EF6700684DCF /* WeatherService.swift */ = {isa = PBXFileReference; lastKnownFileType = sourcecode.swift; path = WeatherService.swift; sourceTree = "<group>"; };
		C38333622C33F05E00684DCF /* Config.swift */ = {isa = PBXFileReference; lastKnownFileType = sourcecode.swift; path = Config.swift; sourceTree = "<group>"; };
		C38333642C33F88600684DCF /* CitiesView.swift */ = {isa = PBXFileReference; lastKnownFileType = sourcecode.swift; path = CitiesView.swift; sourceTree = "<group>"; };
		C38333692C34366500684DCF /* Styler.swift */ = {isa = PBXFileReference; lastKnownFileType = sourcecode.swift; path = Styler.swift; sourceTree = "<group>"; };
		C383336C2C3436D900684DCF /* Color+Extensions.swift */ = {isa = PBXFileReference; lastKnownFileType = sourcecode.swift; path = "Color+Extensions.swift"; sourceTree = "<group>"; };
		C383336E2C34420100684DCF /* SearchCitiesView.swift */ = {isa = PBXFileReference; lastKnownFileType = sourcecode.swift; path = SearchCitiesView.swift; sourceTree = "<group>"; };
		C38CDFDB2C33E6E500465558 /* WeatherApp.app */ = {isa = PBXFileReference; explicitFileType = wrapper.application; includeInIndex = 0; path = WeatherApp.app; sourceTree = BUILT_PRODUCTS_DIR; };
		C38CDFDE2C33E6E500465558 /* WeatherAppApp.swift */ = {isa = PBXFileReference; lastKnownFileType = sourcecode.swift; path = WeatherAppApp.swift; sourceTree = "<group>"; };
		C38CDFE02C33E6E500465558 /* ContentView.swift */ = {isa = PBXFileReference; lastKnownFileType = sourcecode.swift; path = ContentView.swift; sourceTree = "<group>"; };
		C38CDFE22C33E6E600465558 /* Assets.xcassets */ = {isa = PBXFileReference; lastKnownFileType = folder.assetcatalog; path = Assets.xcassets; sourceTree = "<group>"; };
		C38CDFE52C33E6E600465558 /* Preview Assets.xcassets */ = {isa = PBXFileReference; lastKnownFileType = folder.assetcatalog; path = "Preview Assets.xcassets"; sourceTree = "<group>"; };
		C38CDFE72C33E6E600465558 /* Persistence.swift */ = {isa = PBXFileReference; lastKnownFileType = sourcecode.swift; path = Persistence.swift; sourceTree = "<group>"; };
		C38CDFEA2C33E6E600465558 /* WeatherApp.xcdatamodel */ = {isa = PBXFileReference; lastKnownFileType = wrapper.xcdatamodel; path = WeatherApp.xcdatamodel; sourceTree = "<group>"; };
		C3915C452C3598DF00930112 /* View+Extensions.swift */ = {isa = PBXFileReference; lastKnownFileType = sourcecode.swift; path = "View+Extensions.swift"; sourceTree = "<group>"; };
		C3915C482C359C7300930112 /* WeatherFormatter.swift */ = {isa = PBXFileReference; lastKnownFileType = sourcecode.swift; path = WeatherFormatter.swift; sourceTree = "<group>"; };
		C3915C4A2C359CD800930112 /* WeatherDetailViewModel.swift */ = {isa = PBXFileReference; lastKnownFileType = sourcecode.swift; path = WeatherDetailViewModel.swift; sourceTree = "<group>"; };
		C3915C4C2C359CFC00930112 /* AppViewModel.swift */ = {isa = PBXFileReference; lastKnownFileType = sourcecode.swift; path = AppViewModel.swift; sourceTree = "<group>"; };
		C3915C4E2C359D1500930112 /* SearchCitiesViewModel.swift */ = {isa = PBXFileReference; lastKnownFileType = sourcecode.swift; path = SearchCitiesViewModel.swift; sourceTree = "<group>"; };
		C3915C502C359D3600930112 /* HistoricalInfoViewModel.swift */ = {isa = PBXFileReference; lastKnownFileType = sourcecode.swift; path = HistoricalInfoViewModel.swift; sourceTree = "<group>"; };
		C3915C522C359F6700930112 /* CitiesViewModel.swift */ = {isa = PBXFileReference; lastKnownFileType = sourcecode.swift; path = CitiesViewModel.swift; sourceTree = "<group>"; };
		C3A0EB292C35460D00DC5460 /* HistoricalInfoView.swift */ = {isa = PBXFileReference; lastKnownFileType = sourcecode.swift; path = HistoricalInfoView.swift; sourceTree = "<group>"; };
		C3BF92D02C347F6E001B3031 /* APIClient.swift */ = {isa = PBXFileReference; lastKnownFileType = sourcecode.swift; path = APIClient.swift; sourceTree = "<group>"; };
		C3D9B4A52C352813004F4458 /* BackButton.swift */ = {isa = PBXFileReference; lastKnownFileType = sourcecode.swift; path = BackButton.swift; sourceTree = "<group>"; };
/* End PBXFileReference section */

/* Begin PBXFrameworksBuildPhase section */
		C38CDFD82C33E6E500465558 /* Frameworks */ = {
			isa = PBXFrameworksBuildPhase;
			buildActionMask = 2147483647;
			files = (
			);
			runOnlyForDeploymentPostprocessing = 0;
		};
/* End PBXFrameworksBuildPhase section */

/* Begin PBXGroup section */
		C38333662C33F99000684DCF /* Views */ = {
			isa = PBXGroup;
			children = (
				C38333642C33F88600684DCF /* CitiesView.swift */,
				C38CDFE02C33E6E500465558 /* ContentView.swift */,
				C3A0EB292C35460D00DC5460 /* HistoricalInfoView.swift */,
				C3915C472C35998300930112 /* Misc */,
				C383336E2C34420100684DCF /* SearchCitiesView.swift */,
				C37333502C348E5D004EC179 /* WeatherDetailView.swift */,
			);
			path = Views;
			sourceTree = "<group>";
		};
		C38333672C33F99A00684DCF /* Services */ = {
			isa = PBXGroup;
			children = (
				C38333602C33EF6700684DCF /* WeatherService.swift */,
			);
			path = Services;
			sourceTree = "<group>";
		};
		C38333682C33F9A500684DCF /* ViewModels */ = {
			isa = PBXGroup;
			children = (
				C3915C4C2C359CFC00930112 /* AppViewModel.swift */,
				C3915C522C359F6700930112 /* CitiesViewModel.swift */,
				C3915C502C359D3600930112 /* HistoricalInfoViewModel.swift */,
				C3915C4E2C359D1500930112 /* SearchCitiesViewModel.swift */,
				C3915C4A2C359CD800930112 /* WeatherDetailViewModel.swift */,
			);
			path = ViewModels;
			sourceTree = "<group>";
		};
		C383336B2C3436D100684DCF /* Extensions */ = {
			isa = PBXGroup;
			children = (
				C383336C2C3436D900684DCF /* Color+Extensions.swift */,
				C3915C452C3598DF00930112 /* View+Extensions.swift */,
			);
			path = Extensions;
			sourceTree = "<group>";
		};
		C38CDFD22C33E6E500465558 = {
			isa = PBXGroup;
			children = (
				C38CDFDD2C33E6E500465558 /* WeatherApp */,
				C38CDFDC2C33E6E500465558 /* Products */,
			);
			sourceTree = "<group>";
		};
		C38CDFDC2C33E6E500465558 /* Products */ = {
			isa = PBXGroup;
			children = (
				C38CDFDB2C33E6E500465558 /* WeatherApp.app */,
			);
			name = Products;
			sourceTree = "<group>";
		};
		C38CDFDD2C33E6E500465558 /* WeatherApp */ = {
			isa = PBXGroup;
			children = (
				C3BF92D02C347F6E001B3031 /* APIClient.swift */,
				C38CDFE22C33E6E600465558 /* Assets.xcassets */,
				C38333622C33F05E00684DCF /* Config.swift */,
				C383336B2C3436D100684DCF /* Extensions */,
				C38CDFE72C33E6E600465558 /* Persistence.swift */,
				C38CDFE42C33E6E600465558 /* Preview Content */,
				C38333672C33F99A00684DCF /* Services */,
				C38333692C34366500684DCF /* Styler.swift */,
				C38333682C33F9A500684DCF /* ViewModels */,
				C38333662C33F99000684DCF /* Views */,
				C38CDFE92C33E6E600465558 /* WeatherApp.xcdatamodeld */,
				C38CDFDE2C33E6E500465558 /* WeatherAppApp.swift */,
				C3915C482C359C7300930112 /* WeatherFormatter.swift */,
			);
			path = WeatherApp;
			sourceTree = "<group>";
		};
		C38CDFE42C33E6E600465558 /* Preview Content */ = {
			isa = PBXGroup;
			children = (
				C38CDFE52C33E6E600465558 /* Preview Assets.xcassets */,
			);
			path = "Preview Content";
			sourceTree = "<group>";
		};
		C3915C472C35998300930112 /* Misc */ = {
			isa = PBXGroup;
			children = (
				C3D9B4A52C352813004F4458 /* BackButton.swift */,
				C37333522C348F09004EC179 /* LoadingIndicator.swift */,
			);
			path = Misc;
			sourceTree = "<group>";
		};
/* End PBXGroup section */

/* Begin PBXNativeTarget section */
		C38CDFDA2C33E6E500465558 /* WeatherApp */ = {
			isa = PBXNativeTarget;
			buildConfigurationList = C38CDFEE2C33E6E600465558 /* Build configuration list for PBXNativeTarget "WeatherApp" */;
			buildPhases = (
				C38CDFD72C33E6E500465558 /* Sources */,
				C38CDFD82C33E6E500465558 /* Frameworks */,
				C38CDFD92C33E6E500465558 /* Resources */,
			);
			buildRules = (
			);
			dependencies = (
			);
			name = WeatherApp;
			productName = WeatherApp;
			productReference = C38CDFDB2C33E6E500465558 /* WeatherApp.app */;
			productType = "com.apple.product-type.application";
		};
/* End PBXNativeTarget section */

/* Begin PBXProject section */
		C38CDFD32C33E6E500465558 /* Project object */ = {
			isa = PBXProject;
			attributes = {
				BuildIndependentTargetsInParallel = 1;
				LastSwiftUpdateCheck = 1540;
				LastUpgradeCheck = 1540;
				TargetAttributes = {
					C38CDFDA2C33E6E500465558 = {
						CreatedOnToolsVersion = 15.4;
					};
				};
			};
			buildConfigurationList = C38CDFD62C33E6E500465558 /* Build configuration list for PBXProject "WeatherApp" */;
			compatibilityVersion = "Xcode 14.0";
			developmentRegion = en;
			hasScannedForEncodings = 0;
			knownRegions = (
				en,
				Base,
			);
			mainGroup = C38CDFD22C33E6E500465558;
			productRefGroup = C38CDFDC2C33E6E500465558 /* Products */;
			projectDirPath = "";
			projectRoot = "";
			targets = (
				C38CDFDA2C33E6E500465558 /* WeatherApp */,
			);
		};
/* End PBXProject section */

/* Begin PBXResourcesBuildPhase section */
		C38CDFD92C33E6E500465558 /* Resources */ = {
			isa = PBXResourcesBuildPhase;
			buildActionMask = 2147483647;
			files = (
				C38CDFE62C33E6E600465558 /* Preview Assets.xcassets in Resources */,
				C38CDFE32C33E6E600465558 /* Assets.xcassets in Resources */,
			);
			runOnlyForDeploymentPostprocessing = 0;
		};
/* End PBXResourcesBuildPhase section */

/* Begin PBXSourcesBuildPhase section */
		C38CDFD72C33E6E500465558 /* Sources */ = {
			isa = PBXSourcesBuildPhase;
			buildActionMask = 2147483647;
			files = (
				C37333512C348E5D004EC179 /* WeatherDetailView.swift in Sources */,
				C3915C492C359C7300930112 /* WeatherFormatter.swift in Sources */,
				C3915C4D2C359CFC00930112 /* AppViewModel.swift in Sources */,
				C38333612C33EF6700684DCF /* WeatherService.swift in Sources */,
				C38CDFEB2C33E6E600465558 /* WeatherApp.xcdatamodeld in Sources */,
				C383336D2C3436D900684DCF /* Color+Extensions.swift in Sources */,
				C383336A2C34366500684DCF /* Styler.swift in Sources */,
				C37333532C348F09004EC179 /* LoadingIndicator.swift in Sources */,
				C3915C462C3598DF00930112 /* View+Extensions.swift in Sources */,
				C3915C532C359F6700930112 /* CitiesViewModel.swift in Sources */,
				C3915C4B2C359CD800930112 /* WeatherDetailViewModel.swift in Sources */,
				C38CDFE82C33E6E600465558 /* Persistence.swift in Sources */,
				C3BF92D12C347F6E001B3031 /* APIClient.swift in Sources */,
				C38CDFE12C33E6E500465558 /* ContentView.swift in Sources */,
				C3915C4F2C359D1500930112 /* SearchCitiesViewModel.swift in Sources */,
				C38CDFDF2C33E6E500465558 /* WeatherAppApp.swift in Sources */,
				C38333652C33F88600684DCF /* CitiesView.swift in Sources */,
				C38333632C33F05E00684DCF /* Config.swift in Sources */,
				C3D9B4A62C352814004F4458 /* BackButton.swift in Sources */,
				C3A0EB2A2C35460D00DC5460 /* HistoricalInfoView.swift in Sources */,
				C383336F2C34420100684DCF /* SearchCitiesView.swift in Sources */,
				C3915C512C359D3600930112 /* HistoricalInfoViewModel.swift in Sources */,
			);
			runOnlyForDeploymentPostprocessing = 0;
		};
/* End PBXSourcesBuildPhase section */

/* Begin XCBuildConfiguration section */
		C38CDFEC2C33E6E600465558 /* Debug */ = {
			isa = XCBuildConfiguration;
			buildSettings = {
				ALWAYS_SEARCH_USER_PATHS = NO;
				ASSETCATALOG_COMPILER_GENERATE_SWIFT_ASSET_SYMBOL_EXTENSIONS = YES;
				CLANG_ANALYZER_NONNULL = YES;
				CLANG_ANALYZER_NUMBER_OBJECT_CONVERSION = YES_AGGRESSIVE;
				CLANG_CXX_LANGUAGE_STANDARD = "gnu++20";
				CLANG_ENABLE_MODULES = YES;
				CLANG_ENABLE_OBJC_ARC = YES;
				CLANG_ENABLE_OBJC_WEAK = YES;
				CLANG_WARN_BLOCK_CAPTURE_AUTORELEASING = YES;
				CLANG_WARN_BOOL_CONVERSION = YES;
				CLANG_WARN_COMMA = YES;
				CLANG_WARN_CONSTANT_CONVERSION = YES;
				CLANG_WARN_DEPRECATED_OBJC_IMPLEMENTATIONS = YES;
				CLANG_WARN_DIRECT_OBJC_ISA_USAGE = YES_ERROR;
				CLANG_WARN_DOCUMENTATION_COMMENTS = YES;
				CLANG_WARN_EMPTY_BODY = YES;
				CLANG_WARN_ENUM_CONVERSION = YES;
				CLANG_WARN_INFINITE_RECURSION = YES;
				CLANG_WARN_INT_CONVERSION = YES;
				CLANG_WARN_NON_LITERAL_NULL_CONVERSION = YES;
				CLANG_WARN_OBJC_IMPLICIT_RETAIN_SELF = YES;
				CLANG_WARN_OBJC_LITERAL_CONVERSION = YES;
				CLANG_WARN_OBJC_ROOT_CLASS = YES_ERROR;
				CLANG_WARN_QUOTED_INCLUDE_IN_FRAMEWORK_HEADER = YES;
				CLANG_WARN_RANGE_LOOP_ANALYSIS = YES;
				CLANG_WARN_STRICT_PROTOTYPES = YES;
				CLANG_WARN_SUSPICIOUS_MOVE = YES;
				CLANG_WARN_UNGUARDED_AVAILABILITY = YES_AGGRESSIVE;
				CLANG_WARN_UNREACHABLE_CODE = YES;
				CLANG_WARN__DUPLICATE_METHOD_MATCH = YES;
				COPY_PHASE_STRIP = NO;
				DEBUG_INFORMATION_FORMAT = dwarf;
				ENABLE_STRICT_OBJC_MSGSEND = YES;
				ENABLE_TESTABILITY = YES;
				ENABLE_USER_SCRIPT_SANDBOXING = YES;
				GCC_C_LANGUAGE_STANDARD = gnu17;
				GCC_DYNAMIC_NO_PIC = NO;
				GCC_NO_COMMON_BLOCKS = YES;
				GCC_OPTIMIZATION_LEVEL = 0;
				GCC_PREPROCESSOR_DEFINITIONS = (
					"DEBUG=1",
					"$(inherited)",
				);
				GCC_WARN_64_TO_32_BIT_CONVERSION = YES;
				GCC_WARN_ABOUT_RETURN_TYPE = YES_ERROR;
				GCC_WARN_UNDECLARED_SELECTOR = YES;
				GCC_WARN_UNINITIALIZED_AUTOS = YES_AGGRESSIVE;
				GCC_WARN_UNUSED_FUNCTION = YES;
				GCC_WARN_UNUSED_VARIABLE = YES;
				IPHONEOS_DEPLOYMENT_TARGET = 17.5;
				LOCALIZATION_PREFERS_STRING_CATALOGS = YES;
				MTL_ENABLE_DEBUG_INFO = INCLUDE_SOURCE;
				MTL_FAST_MATH = YES;
				ONLY_ACTIVE_ARCH = YES;
				SDKROOT = iphoneos;
				SWIFT_ACTIVE_COMPILATION_CONDITIONS = "DEBUG $(inherited)";
				SWIFT_OPTIMIZATION_LEVEL = "-Onone";
			};
			name = Debug;
		};
		C38CDFED2C33E6E600465558 /* Release */ = {
			isa = XCBuildConfiguration;
			buildSettings = {
				ALWAYS_SEARCH_USER_PATHS = NO;
				ASSETCATALOG_COMPILER_GENERATE_SWIFT_ASSET_SYMBOL_EXTENSIONS = YES;
				CLANG_ANALYZER_NONNULL = YES;
				CLANG_ANALYZER_NUMBER_OBJECT_CONVERSION = YES_AGGRESSIVE;
				CLANG_CXX_LANGUAGE_STANDARD = "gnu++20";
				CLANG_ENABLE_MODULES = YES;
				CLANG_ENABLE_OBJC_ARC = YES;
				CLANG_ENABLE_OBJC_WEAK = YES;
				CLANG_WARN_BLOCK_CAPTURE_AUTORELEASING = YES;
				CLANG_WARN_BOOL_CONVERSION = YES;
				CLANG_WARN_COMMA = YES;
				CLANG_WARN_CONSTANT_CONVERSION = YES;
				CLANG_WARN_DEPRECATED_OBJC_IMPLEMENTATIONS = YES;
				CLANG_WARN_DIRECT_OBJC_ISA_USAGE = YES_ERROR;
				CLANG_WARN_DOCUMENTATION_COMMENTS = YES;
				CLANG_WARN_EMPTY_BODY = YES;
				CLANG_WARN_ENUM_CONVERSION = YES;
				CLANG_WARN_INFINITE_RECURSION = YES;
				CLANG_WARN_INT_CONVERSION = YES;
				CLANG_WARN_NON_LITERAL_NULL_CONVERSION = YES;
				CLANG_WARN_OBJC_IMPLICIT_RETAIN_SELF = YES;
				CLANG_WARN_OBJC_LITERAL_CONVERSION = YES;
				CLANG_WARN_OBJC_ROOT_CLASS = YES_ERROR;
				CLANG_WARN_QUOTED_INCLUDE_IN_FRAMEWORK_HEADER = YES;
				CLANG_WARN_RANGE_LOOP_ANALYSIS = YES;
				CLANG_WARN_STRICT_PROTOTYPES = YES;
				CLANG_WARN_SUSPICIOUS_MOVE = YES;
				CLANG_WARN_UNGUARDED_AVAILABILITY = YES_AGGRESSIVE;
				CLANG_WARN_UNREACHABLE_CODE = YES;
				CLANG_WARN__DUPLICATE_METHOD_MATCH = YES;
				COPY_PHASE_STRIP = NO;
				DEBUG_INFORMATION_FORMAT = "dwarf-with-dsym";
				ENABLE_NS_ASSERTIONS = NO;
				ENABLE_STRICT_OBJC_MSGSEND = YES;
				ENABLE_USER_SCRIPT_SANDBOXING = YES;
				GCC_C_LANGUAGE_STANDARD = gnu17;
				GCC_NO_COMMON_BLOCKS = YES;
				GCC_WARN_64_TO_32_BIT_CONVERSION = YES;
				GCC_WARN_ABOUT_RETURN_TYPE = YES_ERROR;
				GCC_WARN_UNDECLARED_SELECTOR = YES;
				GCC_WARN_UNINITIALIZED_AUTOS = YES_AGGRESSIVE;
				GCC_WARN_UNUSED_FUNCTION = YES;
				GCC_WARN_UNUSED_VARIABLE = YES;
				IPHONEOS_DEPLOYMENT_TARGET = 17.5;
				LOCALIZATION_PREFERS_STRING_CATALOGS = YES;
				MTL_ENABLE_DEBUG_INFO = NO;
				MTL_FAST_MATH = YES;
				SDKROOT = iphoneos;
				SWIFT_COMPILATION_MODE = wholemodule;
				VALIDATE_PRODUCT = YES;
			};
			name = Release;
		};
		C38CDFEF2C33E6E600465558 /* Debug */ = {
			isa = XCBuildConfiguration;
			buildSettings = {
				ASSETCATALOG_COMPILER_APPICON_NAME = AppIcon;
				ASSETCATALOG_COMPILER_GLOBAL_ACCENT_COLOR_NAME = AccentColor;
				CODE_SIGN_STYLE = Automatic;
				CURRENT_PROJECT_VERSION = 1;
				DEVELOPMENT_ASSET_PATHS = "\"WeatherApp/Preview Content\"";
				DEVELOPMENT_TEAM = A64D3XU5N5;
				ENABLE_PREVIEWS = YES;
				GENERATE_INFOPLIST_FILE = YES;
				INFOPLIST_KEY_UIApplicationSceneManifest_Generation = YES;
				INFOPLIST_KEY_UIApplicationSupportsIndirectInputEvents = YES;
				INFOPLIST_KEY_UILaunchScreen_Generation = YES;
				INFOPLIST_KEY_UISupportedInterfaceOrientations_iPad = "UIInterfaceOrientationPortrait UIInterfaceOrientationPortraitUpsideDown UIInterfaceOrientationLandscapeLeft UIInterfaceOrientationLandscapeRight";
				INFOPLIST_KEY_UISupportedInterfaceOrientations_iPhone = "UIInterfaceOrientationPortrait UIInterfaceOrientationLandscapeLeft UIInterfaceOrientationLandscapeRight";
				LD_RUNPATH_SEARCH_PATHS = (
					"$(inherited)",
					"@executable_path/Frameworks",
				);
				MARKETING_VERSION = 1.0;
				PRODUCT_BUNDLE_IDENTIFIER = com.tbobko.WeatherApp;
				PRODUCT_NAME = "$(TARGET_NAME)";
				SWIFT_EMIT_LOC_STRINGS = YES;
				SWIFT_VERSION = 5.0;
				TARGETED_DEVICE_FAMILY = "1,2";
			};
			name = Debug;
		};
		C38CDFF02C33E6E600465558 /* Release */ = {
			isa = XCBuildConfiguration;
			buildSettings = {
				ASSETCATALOG_COMPILER_APPICON_NAME = AppIcon;
				ASSETCATALOG_COMPILER_GLOBAL_ACCENT_COLOR_NAME = AccentColor;
				CODE_SIGN_STYLE = Automatic;
				CURRENT_PROJECT_VERSION = 1;
				DEVELOPMENT_ASSET_PATHS = "\"WeatherApp/Preview Content\"";
				DEVELOPMENT_TEAM = A64D3XU5N5;
				ENABLE_PREVIEWS = YES;
				GENERATE_INFOPLIST_FILE = YES;
				INFOPLIST_KEY_UIApplicationSceneManifest_Generation = YES;
				INFOPLIST_KEY_UIApplicationSupportsIndirectInputEvents = YES;
				INFOPLIST_KEY_UILaunchScreen_Generation = YES;
				INFOPLIST_KEY_UISupportedInterfaceOrientations_iPad = "UIInterfaceOrientationPortrait UIInterfaceOrientationPortraitUpsideDown UIInterfaceOrientationLandscapeLeft UIInterfaceOrientationLandscapeRight";
				INFOPLIST_KEY_UISupportedInterfaceOrientations_iPhone = "UIInterfaceOrientationPortrait UIInterfaceOrientationLandscapeLeft UIInterfaceOrientationLandscapeRight";
				LD_RUNPATH_SEARCH_PATHS = (
					"$(inherited)",
					"@executable_path/Frameworks",
				);
				MARKETING_VERSION = 1.0;
				PRODUCT_BUNDLE_IDENTIFIER = com.tbobko.WeatherApp;
				PRODUCT_NAME = "$(TARGET_NAME)";
				SWIFT_EMIT_LOC_STRINGS = YES;
				SWIFT_VERSION = 5.0;
				TARGETED_DEVICE_FAMILY = "1,2";
			};
			name = Release;
		};
/* End XCBuildConfiguration section */

/* Begin XCConfigurationList section */
		C38CDFD62C33E6E500465558 /* Build configuration list for PBXProject "WeatherApp" */ = {
			isa = XCConfigurationList;
			buildConfigurations = (
				C38CDFEC2C33E6E600465558 /* Debug */,
				C38CDFED2C33E6E600465558 /* Release */,
			);
			defaultConfigurationIsVisible = 0;
			defaultConfigurationName = Release;
		};
		C38CDFEE2C33E6E600465558 /* Build configuration list for PBXNativeTarget "WeatherApp" */ = {
			isa = XCConfigurationList;
			buildConfigurations = (
				C38CDFEF2C33E6E600465558 /* Debug */,
				C38CDFF02C33E6E600465558 /* Release */,
			);
			defaultConfigurationIsVisible = 0;
			defaultConfigurationName = Release;
		};
/* End XCConfigurationList section */

/* Begin XCVersionGroup section */
		C38CDFE92C33E6E600465558 /* WeatherApp.xcdatamodeld */ = {
			isa = XCVersionGroup;
			children = (
				C38CDFEA2C33E6E600465558 /* WeatherApp.xcdatamodel */,
			);
			currentVersion = C38CDFEA2C33E6E600465558 /* WeatherApp.xcdatamodel */;
			path = WeatherApp.xcdatamodeld;
			sourceTree = "<group>";
			versionGroupType = wrapper.xcdatamodel;
		};
/* End XCVersionGroup section */
	};
	rootObject = C38CDFD32C33E6E500465558 /* Project object */;
}
